// !$*UTF8*$!
{
	archiveVersion = 1;
	classes = {
	};
	objectVersion = 56;
	objects = {

/* Begin PBXBuildFile section */
		612C42BA2B0A499E002703F8 /* Foundation.framework in Frameworks */ = {isa = PBXBuildFile; fileRef = 612C42B92B0A499E002703F8 /* Foundation.framework */; };
		612C42BC2B0A49A6002703F8 /* Metal.framework in Frameworks */ = {isa = PBXBuildFile; fileRef = 612C42BB2B0A49A6002703F8 /* Metal.framework */; };
		612C42BE2B0A4A1F002703F8 /* MetalKit.framework in Frameworks */ = {isa = PBXBuildFile; fileRef = 612C42BD2B0A4A1F002703F8 /* MetalKit.framework */; };
		612C42C12B0A4C79002703F8 /* NAGENobject.cpp in Sources */ = {isa = PBXBuildFile; fileRef = 612C42BF2B0A4C79002703F8 /* NAGENobject.cpp */; };
		612C42C52B0A616B002703F8 /* render.cpp in Sources */ = {isa = PBXBuildFile; fileRef = 612C42C32B0A616B002703F8 /* render.cpp */; };
		6170FDFD2B0FA97F00E81045 /* main.cpp in Sources */ = {isa = PBXBuildFile; fileRef = 6170FDFC2B0FA97F00E81045 /* main.cpp */; };
		61FFAFFE2B0BA03000AF44F7 /* Blank.swift in Sources */ = {isa = PBXBuildFile; fileRef = 61FFAFFD2B0BA03000AF44F7 /* Blank.swift */; };
/* End PBXBuildFile section */

/* Begin PBXCopyFilesBuildPhase section */
		612C42442B0A48DC002703F8 /* CopyFiles */ = {
			isa = PBXCopyFilesBuildPhase;
			buildActionMask = 2147483647;
			dstPath = /usr/share/man/man1/;
			dstSubfolderSpec = 0;
			files = (
			);
			runOnlyForDeploymentPostprocessing = 1;
		};
/* End PBXCopyFilesBuildPhase section */

/* Begin PBXFileReference section */
		610CD97F2B0CF731007F62B3 /* vertex.hpp */ = {isa = PBXFileReference; lastKnownFileType = sourcecode.cpp.h; path = vertex.hpp; sourceTree = "<group>"; };
		612C42462B0A48DC002703F8 /* NAGEN Engine */ = {isa = PBXFileReference; explicitFileType = "compiled.mach-o.executable"; includeInIndex = 0; path = "NAGEN Engine"; sourceTree = BUILT_PRODUCTS_DIR; };
		612C42522B0A48EE002703F8 /* NSMenuItem.hpp */ = {isa = PBXFileReference; lastKnownFileType = sourcecode.cpp.h; path = NSMenuItem.hpp; sourceTree = "<group>"; };
		612C42532B0A48EE002703F8 /* NSWindow.hpp */ = {isa = PBXFileReference; lastKnownFileType = sourcecode.cpp.h; path = NSWindow.hpp; sourceTree = "<group>"; };
		612C42542B0A48EE002703F8 /* AppKit.hpp */ = {isa = PBXFileReference; lastKnownFileType = sourcecode.cpp.h; path = AppKit.hpp; sourceTree = "<group>"; };
		612C42552B0A48EE002703F8 /* NSRunningApplication.hpp */ = {isa = PBXFileReference; lastKnownFileType = sourcecode.cpp.h; path = NSRunningApplication.hpp; sourceTree = "<group>"; };
		612C42562B0A48EE002703F8 /* NSView.hpp */ = {isa = PBXFileReference; lastKnownFileType = sourcecode.cpp.h; path = NSView.hpp; sourceTree = "<group>"; };
		612C42572B0A48EE002703F8 /* NSApplication.hpp */ = {isa = PBXFileReference; lastKnownFileType = sourcecode.cpp.h; path = NSApplication.hpp; sourceTree = "<group>"; };
		612C42582B0A48EE002703F8 /* NSMenu.hpp */ = {isa = PBXFileReference; lastKnownFileType = sourcecode.cpp.h; path = NSMenu.hpp; sourceTree = "<group>"; };
		612C42592B0A48EE002703F8 /* AppKitPrivate.hpp */ = {isa = PBXFileReference; lastKnownFileType = sourcecode.cpp.h; path = AppKitPrivate.hpp; sourceTree = "<group>"; };
		612C425B2B0A48EE002703F8 /* MTKView.hpp */ = {isa = PBXFileReference; lastKnownFileType = sourcecode.cpp.h; path = MTKView.hpp; sourceTree = "<group>"; };
		612C425C2B0A48EE002703F8 /* MetalKit.hpp */ = {isa = PBXFileReference; lastKnownFileType = sourcecode.cpp.h; path = MetalKit.hpp; sourceTree = "<group>"; };
		612C425D2B0A48EE002703F8 /* MetalKitPrivate.hpp */ = {isa = PBXFileReference; lastKnownFileType = sourcecode.cpp.h; path = MetalKitPrivate.hpp; sourceTree = "<group>"; };
		612C42602B0A48EE002703F8 /* MTLTypes.hpp */ = {isa = PBXFileReference; lastKnownFileType = sourcecode.cpp.h; path = MTLTypes.hpp; sourceTree = "<group>"; };
		612C42612B0A48EE002703F8 /* MTLResourceStateCommandEncoder.hpp */ = {isa = PBXFileReference; lastKnownFileType = sourcecode.cpp.h; path = MTLResourceStateCommandEncoder.hpp; sourceTree = "<group>"; };
		612C42622B0A48EE002703F8 /* MTLIndirectCommandEncoder.hpp */ = {isa = PBXFileReference; lastKnownFileType = sourcecode.cpp.h; path = MTLIndirectCommandEncoder.hpp; sourceTree = "<group>"; };
		612C42632B0A48EE002703F8 /* MTLComputePipeline.hpp */ = {isa = PBXFileReference; lastKnownFileType = sourcecode.cpp.h; path = MTLComputePipeline.hpp; sourceTree = "<group>"; };
		612C42642B0A48EE002703F8 /* MTLFunctionHandle.hpp */ = {isa = PBXFileReference; lastKnownFileType = sourcecode.cpp.h; path = MTLFunctionHandle.hpp; sourceTree = "<group>"; };
		612C42652B0A48EE002703F8 /* MTLDrawable.hpp */ = {isa = PBXFileReference; lastKnownFileType = sourcecode.cpp.h; path = MTLDrawable.hpp; sourceTree = "<group>"; };
		612C42662B0A48EE002703F8 /* MTLDynamicLibrary.hpp */ = {isa = PBXFileReference; lastKnownFileType = sourcecode.cpp.h; path = MTLDynamicLibrary.hpp; sourceTree = "<group>"; };
		612C42672B0A48EE002703F8 /* MTLComputePass.hpp */ = {isa = PBXFileReference; lastKnownFileType = sourcecode.cpp.h; path = MTLComputePass.hpp; sourceTree = "<group>"; };
		612C42682B0A48EE002703F8 /* MTLFunctionConstantValues.hpp */ = {isa = PBXFileReference; lastKnownFileType = sourcecode.cpp.h; path = MTLFunctionConstantValues.hpp; sourceTree = "<group>"; };
		612C42692B0A48EE002703F8 /* MTLPipeline.hpp */ = {isa = PBXFileReference; lastKnownFileType = sourcecode.cpp.h; path = MTLPipeline.hpp; sourceTree = "<group>"; };
		612C426A2B0A48EE002703F8 /* MTLRenderCommandEncoder.hpp */ = {isa = PBXFileReference; lastKnownFileType = sourcecode.cpp.h; path = MTLRenderCommandEncoder.hpp; sourceTree = "<group>"; };
		612C426B2B0A48EE002703F8 /* MTLBlitCommandEncoder.hpp */ = {isa = PBXFileReference; lastKnownFileType = sourcecode.cpp.h; path = MTLBlitCommandEncoder.hpp; sourceTree = "<group>"; };
		612C426C2B0A48EE002703F8 /* MTLCaptureManager.hpp */ = {isa = PBXFileReference; lastKnownFileType = sourcecode.cpp.h; path = MTLCaptureManager.hpp; sourceTree = "<group>"; };
		612C426D2B0A48EE002703F8 /* MTLCommandEncoder.hpp */ = {isa = PBXFileReference; lastKnownFileType = sourcecode.cpp.h; path = MTLCommandEncoder.hpp; sourceTree = "<group>"; };
		612C426E2B0A48EE002703F8 /* Metal.hpp */ = {isa = PBXFileReference; lastKnownFileType = sourcecode.cpp.h; path = Metal.hpp; sourceTree = "<group>"; };
		612C426F2B0A48EE002703F8 /* MTLStageInputOutputDescriptor.hpp */ = {isa = PBXFileReference; lastKnownFileType = sourcecode.cpp.h; path = MTLStageInputOutputDescriptor.hpp; sourceTree = "<group>"; };
		612C42702B0A48EE002703F8 /* MTLAccelerationStructureTypes.hpp */ = {isa = PBXFileReference; lastKnownFileType = sourcecode.cpp.h; path = MTLAccelerationStructureTypes.hpp; sourceTree = "<group>"; };
		612C42712B0A48EE002703F8 /* MTLParallelRenderCommandEncoder.hpp */ = {isa = PBXFileReference; lastKnownFileType = sourcecode.cpp.h; path = MTLParallelRenderCommandEncoder.hpp; sourceTree = "<group>"; };
		612C42722B0A48EE002703F8 /* MTLRasterizationRate.hpp */ = {isa = PBXFileReference; lastKnownFileType = sourcecode.cpp.h; path = MTLRasterizationRate.hpp; sourceTree = "<group>"; };
		612C42732B0A48EE002703F8 /* MTLLinkedFunctions.hpp */ = {isa = PBXFileReference; lastKnownFileType = sourcecode.cpp.h; path = MTLLinkedFunctions.hpp; sourceTree = "<group>"; };
		612C42742B0A48EE002703F8 /* MTLTexture.hpp */ = {isa = PBXFileReference; lastKnownFileType = sourcecode.cpp.h; path = MTLTexture.hpp; sourceTree = "<group>"; };
		612C42752B0A48EE002703F8 /* MTLSampler.hpp */ = {isa = PBXFileReference; lastKnownFileType = sourcecode.cpp.h; path = MTLSampler.hpp; sourceTree = "<group>"; };
		612C42762B0A48EE002703F8 /* MTLDepthStencil.hpp */ = {isa = PBXFileReference; lastKnownFileType = sourcecode.cpp.h; path = MTLDepthStencil.hpp; sourceTree = "<group>"; };
		612C42772B0A48EE002703F8 /* MTLArgumentEncoder.hpp */ = {isa = PBXFileReference; lastKnownFileType = sourcecode.cpp.h; path = MTLArgumentEncoder.hpp; sourceTree = "<group>"; };
		612C42782B0A48EE002703F8 /* MTLIntersectionFunctionTable.hpp */ = {isa = PBXFileReference; lastKnownFileType = sourcecode.cpp.h; path = MTLIntersectionFunctionTable.hpp; sourceTree = "<group>"; };
		612C42792B0A48EE002703F8 /* MTLVisibleFunctionTable.hpp */ = {isa = PBXFileReference; lastKnownFileType = sourcecode.cpp.h; path = MTLVisibleFunctionTable.hpp; sourceTree = "<group>"; };
		612C427A2B0A48EE002703F8 /* MTLPrivate.hpp */ = {isa = PBXFileReference; lastKnownFileType = sourcecode.cpp.h; path = MTLPrivate.hpp; sourceTree = "<group>"; };
		612C427B2B0A48EE002703F8 /* MTLResource.hpp */ = {isa = PBXFileReference; lastKnownFileType = sourcecode.cpp.h; path = MTLResource.hpp; sourceTree = "<group>"; };
		612C427C2B0A48EE002703F8 /* MTLAccelerationStructure.hpp */ = {isa = PBXFileReference; lastKnownFileType = sourcecode.cpp.h; path = MTLAccelerationStructure.hpp; sourceTree = "<group>"; };
		612C427D2B0A48EE002703F8 /* MTLDevice.hpp */ = {isa = PBXFileReference; lastKnownFileType = sourcecode.cpp.h; path = MTLDevice.hpp; sourceTree = "<group>"; };
		612C427E2B0A48EE002703F8 /* MTLArgument.hpp */ = {isa = PBXFileReference; lastKnownFileType = sourcecode.cpp.h; path = MTLArgument.hpp; sourceTree = "<group>"; };
		612C427F2B0A48EE002703F8 /* MTLFunctionLog.hpp */ = {isa = PBXFileReference; lastKnownFileType = sourcecode.cpp.h; path = MTLFunctionLog.hpp; sourceTree = "<group>"; };
		612C42802B0A48EE002703F8 /* MTLBuffer.hpp */ = {isa = PBXFileReference; lastKnownFileType = sourcecode.cpp.h; path = MTLBuffer.hpp; sourceTree = "<group>"; };
		612C42812B0A48EE002703F8 /* MTLRenderPass.hpp */ = {isa = PBXFileReference; lastKnownFileType = sourcecode.cpp.h; path = MTLRenderPass.hpp; sourceTree = "<group>"; };
		612C42822B0A48EE002703F8 /* MTLHeap.hpp */ = {isa = PBXFileReference; lastKnownFileType = sourcecode.cpp.h; path = MTLHeap.hpp; sourceTree = "<group>"; };
		612C42832B0A48EE002703F8 /* MTLVertexDescriptor.hpp */ = {isa = PBXFileReference; lastKnownFileType = sourcecode.cpp.h; path = MTLVertexDescriptor.hpp; sourceTree = "<group>"; };
		612C42842B0A48EE002703F8 /* MTLFunctionStitching.hpp */ = {isa = PBXFileReference; lastKnownFileType = sourcecode.cpp.h; path = MTLFunctionStitching.hpp; sourceTree = "<group>"; };
		612C42852B0A48EE002703F8 /* MTLLibrary.hpp */ = {isa = PBXFileReference; lastKnownFileType = sourcecode.cpp.h; path = MTLLibrary.hpp; sourceTree = "<group>"; };
		612C42862B0A48EE002703F8 /* MTLPixelFormat.hpp */ = {isa = PBXFileReference; lastKnownFileType = sourcecode.cpp.h; path = MTLPixelFormat.hpp; sourceTree = "<group>"; };
		612C42872B0A48EE002703F8 /* MTLFence.hpp */ = {isa = PBXFileReference; lastKnownFileType = sourcecode.cpp.h; path = MTLFence.hpp; sourceTree = "<group>"; };
		612C42882B0A48EE002703F8 /* MTLIndirectCommandBuffer.hpp */ = {isa = PBXFileReference; lastKnownFileType = sourcecode.cpp.h; path = MTLIndirectCommandBuffer.hpp; sourceTree = "<group>"; };
		612C42892B0A48EE002703F8 /* MTLRenderPipeline.hpp */ = {isa = PBXFileReference; lastKnownFileType = sourcecode.cpp.h; path = MTLRenderPipeline.hpp; sourceTree = "<group>"; };
		612C428A2B0A48EE002703F8 /* MTLCommandQueue.hpp */ = {isa = PBXFileReference; lastKnownFileType = sourcecode.cpp.h; path = MTLCommandQueue.hpp; sourceTree = "<group>"; };
		612C428B2B0A48EE002703F8 /* MTLFunctionDescriptor.hpp */ = {isa = PBXFileReference; lastKnownFileType = sourcecode.cpp.h; path = MTLFunctionDescriptor.hpp; sourceTree = "<group>"; };
		612C428C2B0A48EE002703F8 /* MTLAccelerationStructureCommandEncoder.hpp */ = {isa = PBXFileReference; lastKnownFileType = sourcecode.cpp.h; path = MTLAccelerationStructureCommandEncoder.hpp; sourceTree = "<group>"; };
		612C428D2B0A48EE002703F8 /* MTLBlitPass.hpp */ = {isa = PBXFileReference; lastKnownFileType = sourcecode.cpp.h; path = MTLBlitPass.hpp; sourceTree = "<group>"; };
		612C428E2B0A48EE002703F8 /* MTLEvent.hpp */ = {isa = PBXFileReference; lastKnownFileType = sourcecode.cpp.h; path = MTLEvent.hpp; sourceTree = "<group>"; };
		612C428F2B0A48EE002703F8 /* MTLBinaryArchive.hpp */ = {isa = PBXFileReference; lastKnownFileType = sourcecode.cpp.h; path = MTLBinaryArchive.hpp; sourceTree = "<group>"; };
		612C42902B0A48EE002703F8 /* MTLCaptureScope.hpp */ = {isa = PBXFileReference; lastKnownFileType = sourcecode.cpp.h; path = MTLCaptureScope.hpp; sourceTree = "<group>"; };
		612C42912B0A48EE002703F8 /* MTLComputeCommandEncoder.hpp */ = {isa = PBXFileReference; lastKnownFileType = sourcecode.cpp.h; path = MTLComputeCommandEncoder.hpp; sourceTree = "<group>"; };
		612C42922B0A48EE002703F8 /* MTLHeaderBridge.hpp */ = {isa = PBXFileReference; lastKnownFileType = sourcecode.cpp.h; path = MTLHeaderBridge.hpp; sourceTree = "<group>"; };
		612C42932B0A48EE002703F8 /* MTLCounters.hpp */ = {isa = PBXFileReference; lastKnownFileType = sourcecode.cpp.h; path = MTLCounters.hpp; sourceTree = "<group>"; };
		612C42942B0A48EE002703F8 /* MTLDefines.hpp */ = {isa = PBXFileReference; lastKnownFileType = sourcecode.cpp.h; path = MTLDefines.hpp; sourceTree = "<group>"; };
		612C42952B0A48EE002703F8 /* MTLResourceStatePass.hpp */ = {isa = PBXFileReference; lastKnownFileType = sourcecode.cpp.h; path = MTLResourceStatePass.hpp; sourceTree = "<group>"; };
		612C42962B0A48EE002703F8 /* MTLCommandBuffer.hpp */ = {isa = PBXFileReference; lastKnownFileType = sourcecode.cpp.h; path = MTLCommandBuffer.hpp; sourceTree = "<group>"; };
		612C42982B0A48EE002703F8 /* NSString.hpp */ = {isa = PBXFileReference; lastKnownFileType = sourcecode.cpp.h; path = NSString.hpp; sourceTree = "<group>"; };
		612C42992B0A48EE002703F8 /* NSDictionary.hpp */ = {isa = PBXFileReference; lastKnownFileType = sourcecode.cpp.h; path = NSDictionary.hpp; sourceTree = "<group>"; };
		612C429A2B0A48EE002703F8 /* NSLock.hpp */ = {isa = PBXFileReference; lastKnownFileType = sourcecode.cpp.h; path = NSLock.hpp; sourceTree = "<group>"; };
		612C429B2B0A48EE002703F8 /* NSProcessInfo.hpp */ = {isa = PBXFileReference; lastKnownFileType = sourcecode.cpp.h; path = NSProcessInfo.hpp; sourceTree = "<group>"; };
		612C429C2B0A48EE002703F8 /* NSError.hpp */ = {isa = PBXFileReference; lastKnownFileType = sourcecode.cpp.h; path = NSError.hpp; sourceTree = "<group>"; };
		612C429D2B0A48EE002703F8 /* NSObjCRuntime.hpp */ = {isa = PBXFileReference; lastKnownFileType = sourcecode.cpp.h; path = NSObjCRuntime.hpp; sourceTree = "<group>"; };
		612C429E2B0A48EE002703F8 /* NSObject.hpp */ = {isa = PBXFileReference; lastKnownFileType = sourcecode.cpp.h; path = NSObject.hpp; sourceTree = "<group>"; };
		612C429F2B0A48EE002703F8 /* NSNotification.hpp */ = {isa = PBXFileReference; lastKnownFileType = sourcecode.cpp.h; path = NSNotification.hpp; sourceTree = "<group>"; };
		612C42A02B0A48EE002703F8 /* NSPrivate.hpp */ = {isa = PBXFileReference; lastKnownFileType = sourcecode.cpp.h; path = NSPrivate.hpp; sourceTree = "<group>"; };
		612C42A12B0A48EE002703F8 /* NSURL.hpp */ = {isa = PBXFileReference; lastKnownFileType = sourcecode.cpp.h; path = NSURL.hpp; sourceTree = "<group>"; };
		612C42A22B0A48EE002703F8 /* NSAutoreleasePool.hpp */ = {isa = PBXFileReference; lastKnownFileType = sourcecode.cpp.h; path = NSAutoreleasePool.hpp; sourceTree = "<group>"; };
		612C42A32B0A48EE002703F8 /* NSRange.hpp */ = {isa = PBXFileReference; lastKnownFileType = sourcecode.cpp.h; path = NSRange.hpp; sourceTree = "<group>"; };
		612C42A42B0A48EE002703F8 /* NSTypes.hpp */ = {isa = PBXFileReference; lastKnownFileType = sourcecode.cpp.h; path = NSTypes.hpp; sourceTree = "<group>"; };
		612C42A52B0A48EE002703F8 /* NSData.hpp */ = {isa = PBXFileReference; lastKnownFileType = sourcecode.cpp.h; path = NSData.hpp; sourceTree = "<group>"; };
		612C42A62B0A48EE002703F8 /* NSNumber.hpp */ = {isa = PBXFileReference; lastKnownFileType = sourcecode.cpp.h; path = NSNumber.hpp; sourceTree = "<group>"; };
		612C42A72B0A48EE002703F8 /* Foundation.hpp */ = {isa = PBXFileReference; lastKnownFileType = sourcecode.cpp.h; path = Foundation.hpp; sourceTree = "<group>"; };
		612C42A82B0A48EE002703F8 /* NSDate.hpp */ = {isa = PBXFileReference; lastKnownFileType = sourcecode.cpp.h; path = NSDate.hpp; sourceTree = "<group>"; };
		612C42A92B0A48EE002703F8 /* NSDefines.hpp */ = {isa = PBXFileReference; lastKnownFileType = sourcecode.cpp.h; path = NSDefines.hpp; sourceTree = "<group>"; };
		612C42AA2B0A48EE002703F8 /* NSBundle.hpp */ = {isa = PBXFileReference; lastKnownFileType = sourcecode.cpp.h; path = NSBundle.hpp; sourceTree = "<group>"; };
		612C42AB2B0A48EE002703F8 /* NSEnumerator.hpp */ = {isa = PBXFileReference; lastKnownFileType = sourcecode.cpp.h; path = NSEnumerator.hpp; sourceTree = "<group>"; };
		612C42AC2B0A48EE002703F8 /* NSArray.hpp */ = {isa = PBXFileReference; lastKnownFileType = sourcecode.cpp.h; path = NSArray.hpp; sourceTree = "<group>"; };
		612C42AD2B0A48EE002703F8 /* README.md */ = {isa = PBXFileReference; lastKnownFileType = net.daringfireball.markdown; path = README.md; sourceTree = "<group>"; };
		612C42AF2B0A48EE002703F8 /* QuartzCore.hpp */ = {isa = PBXFileReference; lastKnownFileType = sourcecode.cpp.h; path = QuartzCore.hpp; sourceTree = "<group>"; };
		612C42B02B0A48EE002703F8 /* CAPrivate.hpp */ = {isa = PBXFileReference; lastKnownFileType = sourcecode.cpp.h; path = CAPrivate.hpp; sourceTree = "<group>"; };
		612C42B12B0A48EE002703F8 /* CAMetalDrawable.hpp */ = {isa = PBXFileReference; lastKnownFileType = sourcecode.cpp.h; path = CAMetalDrawable.hpp; sourceTree = "<group>"; };
		612C42B22B0A48EE002703F8 /* CADefines.hpp */ = {isa = PBXFileReference; lastKnownFileType = sourcecode.cpp.h; path = CADefines.hpp; sourceTree = "<group>"; };
		612C42B32B0A48EE002703F8 /* LICENSE.txt */ = {isa = PBXFileReference; lastKnownFileType = text; path = LICENSE.txt; sourceTree = "<group>"; };
		612C42B52B0A48EE002703F8 /* MakeSingleHeader.py */ = {isa = PBXFileReference; lastKnownFileType = text.script.python; path = MakeSingleHeader.py; sourceTree = "<group>"; };
		612C42B62B0A48FC002703F8 /* README.md */ = {isa = PBXFileReference; lastKnownFileType = net.daringfireball.markdown; path = README.md; sourceTree = "<group>"; };
		612C42B72B0A4968002703F8 /* LICENCE.md */ = {isa = PBXFileReference; lastKnownFileType = net.daringfireball.markdown; path = LICENCE.md; sourceTree = "<group>"; };
		612C42B92B0A499E002703F8 /* Foundation.framework */ = {isa = PBXFileReference; lastKnownFileType = wrapper.framework; name = Foundation.framework; path = System/Library/Frameworks/Foundation.framework; sourceTree = SDKROOT; };
		612C42BB2B0A49A6002703F8 /* Metal.framework */ = {isa = PBXFileReference; lastKnownFileType = wrapper.framework; name = Metal.framework; path = System/Library/Frameworks/Metal.framework; sourceTree = SDKROOT; };
		612C42BD2B0A4A1F002703F8 /* MetalKit.framework */ = {isa = PBXFileReference; lastKnownFileType = wrapper.framework; name = MetalKit.framework; path = System/Library/Frameworks/MetalKit.framework; sourceTree = SDKROOT; };
		612C42BF2B0A4C79002703F8 /* NAGENobject.cpp */ = {isa = PBXFileReference; lastKnownFileType = sourcecode.cpp.cpp; path = NAGENobject.cpp; sourceTree = "<group>"; };
		612C42C02B0A4C79002703F8 /* NAGENobject.hpp */ = {isa = PBXFileReference; lastKnownFileType = sourcecode.cpp.h; path = NAGENobject.hpp; sourceTree = "<group>"; };
		612C42C22B0A56BB002703F8 /* globalConsts.h */ = {isa = PBXFileReference; lastKnownFileType = sourcecode.c.h; path = globalConsts.h; sourceTree = "<group>"; };
		612C42C32B0A616B002703F8 /* render.cpp */ = {isa = PBXFileReference; lastKnownFileType = sourcecode.cpp.cpp; path = render.cpp; sourceTree = "<group>"; };
		612C42C42B0A616B002703F8 /* render.hpp */ = {isa = PBXFileReference; lastKnownFileType = sourcecode.cpp.h; path = render.hpp; sourceTree = "<group>"; };
		6170FDFC2B0FA97F00E81045 /* main.cpp */ = {isa = PBXFileReference; lastKnownFileType = sourcecode.cpp.cpp; path = main.cpp; sourceTree = "<group>"; };
		61FFAFFC2B0BA03000AF44F7 /* NAGEN Engine-Bridging-Header.h */ = {isa = PBXFileReference; lastKnownFileType = sourcecode.c.h; path = "NAGEN Engine-Bridging-Header.h"; sourceTree = "<group>"; };
		61FFAFFD2B0BA03000AF44F7 /* Blank.swift */ = {isa = PBXFileReference; lastKnownFileType = sourcecode.swift; path = Blank.swift; sourceTree = "<group>"; };
/* End PBXFileReference section */

/* Begin PBXFrameworksBuildPhase section */
		612C42432B0A48DC002703F8 /* Frameworks */ = {
			isa = PBXFrameworksBuildPhase;
			buildActionMask = 2147483647;
			files = (
				612C42BE2B0A4A1F002703F8 /* MetalKit.framework in Frameworks */,
				612C42BC2B0A49A6002703F8 /* Metal.framework in Frameworks */,
				612C42BA2B0A499E002703F8 /* Foundation.framework in Frameworks */,
			);
			runOnlyForDeploymentPostprocessing = 0;
		};
/* End PBXFrameworksBuildPhase section */

/* Begin PBXGroup section */
		612C423D2B0A48DC002703F8 = {
			isa = PBXGroup;
			children = (
				612C42B72B0A4968002703F8 /* LICENCE.md */,
				612C42B62B0A48FC002703F8 /* README.md */,
				612C425E2B0A48EE002703F8 /* metal-cpp */,
				612C42502B0A48EE002703F8 /* metal-cpp-extensions */,
				612C42482B0A48DC002703F8 /* NAGEN Engine */,
				612C42472B0A48DC002703F8 /* Products */,
				612C42B82B0A499E002703F8 /* Frameworks */,
			);
			sourceTree = "<group>";
		};
		612C42472B0A48DC002703F8 /* Products */ = {
			isa = PBXGroup;
			children = (
				612C42462B0A48DC002703F8 /* NAGEN Engine */,
			);
			name = Products;
			sourceTree = "<group>";
		};
		612C42482B0A48DC002703F8 /* NAGEN Engine */ = {
			isa = PBXGroup;
			children = (
				6170FDFC2B0FA97F00E81045 /* main.cpp */,
				612C42C22B0A56BB002703F8 /* globalConsts.h */,
				612C42C32B0A616B002703F8 /* render.cpp */,
				612C42C42B0A616B002703F8 /* render.hpp */,
				612C42BF2B0A4C79002703F8 /* NAGENobject.cpp */,
				612C42C02B0A4C79002703F8 /* NAGENobject.hpp */,
				610CD97F2B0CF731007F62B3 /* vertex.hpp */,
				61FFAFFC2B0BA03000AF44F7 /* NAGEN Engine-Bridging-Header.h */,
				61FFAFFD2B0BA03000AF44F7 /* Blank.swift */,
			);
			path = "NAGEN Engine";
			sourceTree = "<group>";
		};
		612C42502B0A48EE002703F8 /* metal-cpp-extensions */ = {
			isa = PBXGroup;
			children = (
				612C42512B0A48EE002703F8 /* AppKit */,
				612C425A2B0A48EE002703F8 /* MetalKit */,
			);
			path = "metal-cpp-extensions";
			sourceTree = "<group>";
		};
		612C42512B0A48EE002703F8 /* AppKit */ = {
			isa = PBXGroup;
			children = (
				612C42522B0A48EE002703F8 /* NSMenuItem.hpp */,
				612C42532B0A48EE002703F8 /* NSWindow.hpp */,
				612C42542B0A48EE002703F8 /* AppKit.hpp */,
				612C42552B0A48EE002703F8 /* NSRunningApplication.hpp */,
				612C42562B0A48EE002703F8 /* NSView.hpp */,
				612C42572B0A48EE002703F8 /* NSApplication.hpp */,
				612C42582B0A48EE002703F8 /* NSMenu.hpp */,
				612C42592B0A48EE002703F8 /* AppKitPrivate.hpp */,
			);
			path = AppKit;
			sourceTree = "<group>";
		};
		612C425A2B0A48EE002703F8 /* MetalKit */ = {
			isa = PBXGroup;
			children = (
				612C425B2B0A48EE002703F8 /* MTKView.hpp */,
				612C425C2B0A48EE002703F8 /* MetalKit.hpp */,
				612C425D2B0A48EE002703F8 /* MetalKitPrivate.hpp */,
			);
			path = MetalKit;
			sourceTree = "<group>";
		};
		612C425E2B0A48EE002703F8 /* metal-cpp */ = {
			isa = PBXGroup;
			children = (
				612C425F2B0A48EE002703F8 /* Metal */,
				612C42972B0A48EE002703F8 /* Foundation */,
				612C42AD2B0A48EE002703F8 /* README.md */,
				612C42AE2B0A48EE002703F8 /* QuartzCore */,
				612C42B32B0A48EE002703F8 /* LICENSE.txt */,
				612C42B42B0A48EE002703F8 /* SingleHeader */,
			);
			path = "metal-cpp";
			sourceTree = "<group>";
		};
		612C425F2B0A48EE002703F8 /* Metal */ = {
			isa = PBXGroup;
			children = (
				612C42602B0A48EE002703F8 /* MTLTypes.hpp */,
				612C42612B0A48EE002703F8 /* MTLResourceStateCommandEncoder.hpp */,
				612C42622B0A48EE002703F8 /* MTLIndirectCommandEncoder.hpp */,
				612C42632B0A48EE002703F8 /* MTLComputePipeline.hpp */,
				612C42642B0A48EE002703F8 /* MTLFunctionHandle.hpp */,
				612C42652B0A48EE002703F8 /* MTLDrawable.hpp */,
				612C42662B0A48EE002703F8 /* MTLDynamicLibrary.hpp */,
				612C42672B0A48EE002703F8 /* MTLComputePass.hpp */,
				612C42682B0A48EE002703F8 /* MTLFunctionConstantValues.hpp */,
				612C42692B0A48EE002703F8 /* MTLPipeline.hpp */,
				612C426A2B0A48EE002703F8 /* MTLRenderCommandEncoder.hpp */,
				612C426B2B0A48EE002703F8 /* MTLBlitCommandEncoder.hpp */,
				612C426C2B0A48EE002703F8 /* MTLCaptureManager.hpp */,
				612C426D2B0A48EE002703F8 /* MTLCommandEncoder.hpp */,
				612C426E2B0A48EE002703F8 /* Metal.hpp */,
				612C426F2B0A48EE002703F8 /* MTLStageInputOutputDescriptor.hpp */,
				612C42702B0A48EE002703F8 /* MTLAccelerationStructureTypes.hpp */,
				612C42712B0A48EE002703F8 /* MTLParallelRenderCommandEncoder.hpp */,
				612C42722B0A48EE002703F8 /* MTLRasterizationRate.hpp */,
				612C42732B0A48EE002703F8 /* MTLLinkedFunctions.hpp */,
				612C42742B0A48EE002703F8 /* MTLTexture.hpp */,
				612C42752B0A48EE002703F8 /* MTLSampler.hpp */,
				612C42762B0A48EE002703F8 /* MTLDepthStencil.hpp */,
				612C42772B0A48EE002703F8 /* MTLArgumentEncoder.hpp */,
				612C42782B0A48EE002703F8 /* MTLIntersectionFunctionTable.hpp */,
				612C42792B0A48EE002703F8 /* MTLVisibleFunctionTable.hpp */,
				612C427A2B0A48EE002703F8 /* MTLPrivate.hpp */,
				612C427B2B0A48EE002703F8 /* MTLResource.hpp */,
				612C427C2B0A48EE002703F8 /* MTLAccelerationStructure.hpp */,
				612C427D2B0A48EE002703F8 /* MTLDevice.hpp */,
				612C427E2B0A48EE002703F8 /* MTLArgument.hpp */,
				612C427F2B0A48EE002703F8 /* MTLFunctionLog.hpp */,
				612C42802B0A48EE002703F8 /* MTLBuffer.hpp */,
				612C42812B0A48EE002703F8 /* MTLRenderPass.hpp */,
				612C42822B0A48EE002703F8 /* MTLHeap.hpp */,
				612C42832B0A48EE002703F8 /* MTLVertexDescriptor.hpp */,
				612C42842B0A48EE002703F8 /* MTLFunctionStitching.hpp */,
				612C42852B0A48EE002703F8 /* MTLLibrary.hpp */,
				612C42862B0A48EE002703F8 /* MTLPixelFormat.hpp */,
				612C42872B0A48EE002703F8 /* MTLFence.hpp */,
				612C42882B0A48EE002703F8 /* MTLIndirectCommandBuffer.hpp */,
				612C42892B0A48EE002703F8 /* MTLRenderPipeline.hpp */,
				612C428A2B0A48EE002703F8 /* MTLCommandQueue.hpp */,
				612C428B2B0A48EE002703F8 /* MTLFunctionDescriptor.hpp */,
				612C428C2B0A48EE002703F8 /* MTLAccelerationStructureCommandEncoder.hpp */,
				612C428D2B0A48EE002703F8 /* MTLBlitPass.hpp */,
				612C428E2B0A48EE002703F8 /* MTLEvent.hpp */,
				612C428F2B0A48EE002703F8 /* MTLBinaryArchive.hpp */,
				612C42902B0A48EE002703F8 /* MTLCaptureScope.hpp */,
				612C42912B0A48EE002703F8 /* MTLComputeCommandEncoder.hpp */,
				612C42922B0A48EE002703F8 /* MTLHeaderBridge.hpp */,
				612C42932B0A48EE002703F8 /* MTLCounters.hpp */,
				612C42942B0A48EE002703F8 /* MTLDefines.hpp */,
				612C42952B0A48EE002703F8 /* MTLResourceStatePass.hpp */,
				612C42962B0A48EE002703F8 /* MTLCommandBuffer.hpp */,
			);
			path = Metal;
			sourceTree = "<group>";
		};
		612C42972B0A48EE002703F8 /* Foundation */ = {
			isa = PBXGroup;
			children = (
				612C42982B0A48EE002703F8 /* NSString.hpp */,
				612C42992B0A48EE002703F8 /* NSDictionary.hpp */,
				612C429A2B0A48EE002703F8 /* NSLock.hpp */,
				612C429B2B0A48EE002703F8 /* NSProcessInfo.hpp */,
				612C429C2B0A48EE002703F8 /* NSError.hpp */,
				612C429D2B0A48EE002703F8 /* NSObjCRuntime.hpp */,
				612C429E2B0A48EE002703F8 /* NSObject.hpp */,
				612C429F2B0A48EE002703F8 /* NSNotification.hpp */,
				612C42A02B0A48EE002703F8 /* NSPrivate.hpp */,
				612C42A12B0A48EE002703F8 /* NSURL.hpp */,
				612C42A22B0A48EE002703F8 /* NSAutoreleasePool.hpp */,
				612C42A32B0A48EE002703F8 /* NSRange.hpp */,
				612C42A42B0A48EE002703F8 /* NSTypes.hpp */,
				612C42A52B0A48EE002703F8 /* NSData.hpp */,
				612C42A62B0A48EE002703F8 /* NSNumber.hpp */,
				612C42A72B0A48EE002703F8 /* Foundation.hpp */,
				612C42A82B0A48EE002703F8 /* NSDate.hpp */,
				612C42A92B0A48EE002703F8 /* NSDefines.hpp */,
				612C42AA2B0A48EE002703F8 /* NSBundle.hpp */,
				612C42AB2B0A48EE002703F8 /* NSEnumerator.hpp */,
				612C42AC2B0A48EE002703F8 /* NSArray.hpp */,
			);
			path = Foundation;
			sourceTree = "<group>";
		};
		612C42AE2B0A48EE002703F8 /* QuartzCore */ = {
			isa = PBXGroup;
			children = (
				612C42AF2B0A48EE002703F8 /* QuartzCore.hpp */,
				612C42B02B0A48EE002703F8 /* CAPrivate.hpp */,
				612C42B12B0A48EE002703F8 /* CAMetalDrawable.hpp */,
				612C42B22B0A48EE002703F8 /* CADefines.hpp */,
			);
			path = QuartzCore;
			sourceTree = "<group>";
		};
		612C42B42B0A48EE002703F8 /* SingleHeader */ = {
			isa = PBXGroup;
			children = (
				612C42B52B0A48EE002703F8 /* MakeSingleHeader.py */,
			);
			path = SingleHeader;
			sourceTree = "<group>";
		};
		612C42B82B0A499E002703F8 /* Frameworks */ = {
			isa = PBXGroup;
			children = (
				612C42BD2B0A4A1F002703F8 /* MetalKit.framework */,
				612C42BB2B0A49A6002703F8 /* Metal.framework */,
				612C42B92B0A499E002703F8 /* Foundation.framework */,
			);
			name = Frameworks;
			sourceTree = "<group>";
		};
/* End PBXGroup section */

/* Begin PBXNativeTarget section */
		612C42452B0A48DC002703F8 /* NAGEN Engine */ = {
			isa = PBXNativeTarget;
			buildConfigurationList = 612C424D2B0A48DC002703F8 /* Build configuration list for PBXNativeTarget "NAGEN Engine" */;
			buildPhases = (
				612C42422B0A48DC002703F8 /* Sources */,
				612C42432B0A48DC002703F8 /* Frameworks */,
				612C42442B0A48DC002703F8 /* CopyFiles */,
			);
			buildRules = (
			);
			dependencies = (
			);
			name = "NAGEN Engine";
			productName = "NAGEN Engine";
			productReference = 612C42462B0A48DC002703F8 /* NAGEN Engine */;
			productType = "com.apple.product-type.tool";
		};
/* End PBXNativeTarget section */

/* Begin PBXProject section */
		612C423E2B0A48DC002703F8 /* Project object */ = {
			isa = PBXProject;
			attributes = {
				BuildIndependentTargetsInParallel = 1;
				LastUpgradeCheck = 1500;
				TargetAttributes = {
					612C42452B0A48DC002703F8 = {
						CreatedOnToolsVersion = 15.0;
						LastSwiftMigration = 1500;
					};
				};
			};
			buildConfigurationList = 612C42412B0A48DC002703F8 /* Build configuration list for PBXProject "NAGEN Engine" */;
			compatibilityVersion = "Xcode 14.0";
			developmentRegion = en;
			hasScannedForEncodings = 0;
			knownRegions = (
				en,
				Base,
			);
			mainGroup = 612C423D2B0A48DC002703F8;
			productRefGroup = 612C42472B0A48DC002703F8 /* Products */;
			projectDirPath = "";
			projectRoot = "";
			targets = (
				612C42452B0A48DC002703F8 /* NAGEN Engine */,
			);
		};
/* End PBXProject section */

/* Begin PBXSourcesBuildPhase section */
		612C42422B0A48DC002703F8 /* Sources */ = {
			isa = PBXSourcesBuildPhase;
			buildActionMask = 2147483647;
			files = (
				61FFAFFE2B0BA03000AF44F7 /* Blank.swift in Sources */,
				612C42C52B0A616B002703F8 /* render.cpp in Sources */,
				6170FDFD2B0FA97F00E81045 /* main.cpp in Sources */,
				612C42C12B0A4C79002703F8 /* NAGENobject.cpp in Sources */,
			);
			runOnlyForDeploymentPostprocessing = 0;
		};
/* End PBXSourcesBuildPhase section */

/* Begin XCBuildConfiguration section */
		612C424B2B0A48DC002703F8 /* Debug */ = {
			isa = XCBuildConfiguration;
			buildSettings = {
				ALWAYS_SEARCH_USER_PATHS = NO;
				ASSETCATALOG_COMPILER_GENERATE_SWIFT_ASSET_SYMBOL_EXTENSIONS = YES;
				CLANG_ANALYZER_NONNULL = YES;
				CLANG_ANALYZER_NUMBER_OBJECT_CONVERSION = YES_AGGRESSIVE;
				CLANG_CXX_LANGUAGE_STANDARD = "gnu++20";
				CLANG_ENABLE_MODULES = YES;
				CLANG_ENABLE_OBJC_ARC = YES;
				CLANG_ENABLE_OBJC_WEAK = YES;
				CLANG_WARN_BLOCK_CAPTURE_AUTORELEASING = YES;
				CLANG_WARN_BOOL_CONVERSION = YES;
				CLANG_WARN_COMMA = YES;
				CLANG_WARN_CONSTANT_CONVERSION = YES;
				CLANG_WARN_DEPRECATED_OBJC_IMPLEMENTATIONS = YES;
				CLANG_WARN_DIRECT_OBJC_ISA_USAGE = YES_ERROR;
				CLANG_WARN_DOCUMENTATION_COMMENTS = YES;
				CLANG_WARN_EMPTY_BODY = YES;
				CLANG_WARN_ENUM_CONVERSION = YES;
				CLANG_WARN_INFINITE_RECURSION = YES;
				CLANG_WARN_INT_CONVERSION = YES;
				CLANG_WARN_NON_LITERAL_NULL_CONVERSION = YES;
				CLANG_WARN_OBJC_IMPLICIT_RETAIN_SELF = YES;
				CLANG_WARN_OBJC_LITERAL_CONVERSION = YES;
				CLANG_WARN_OBJC_ROOT_CLASS = YES_ERROR;
				CLANG_WARN_QUOTED_INCLUDE_IN_FRAMEWORK_HEADER = YES;
				CLANG_WARN_RANGE_LOOP_ANALYSIS = YES;
				CLANG_WARN_STRICT_PROTOTYPES = YES;
				CLANG_WARN_SUSPICIOUS_MOVE = YES;
				CLANG_WARN_UNGUARDED_AVAILABILITY = YES_AGGRESSIVE;
				CLANG_WARN_UNREACHABLE_CODE = YES;
				CLANG_WARN__DUPLICATE_METHOD_MATCH = YES;
				COPY_PHASE_STRIP = NO;
				DEBUG_INFORMATION_FORMAT = dwarf;
				ENABLE_STRICT_OBJC_MSGSEND = YES;
				ENABLE_TESTABILITY = YES;
				ENABLE_USER_SCRIPT_SANDBOXING = YES;
				GCC_C_LANGUAGE_STANDARD = gnu17;
				GCC_DYNAMIC_NO_PIC = NO;
				GCC_NO_COMMON_BLOCKS = YES;
				GCC_OPTIMIZATION_LEVEL = 0;
				GCC_PREPROCESSOR_DEFINITIONS = (
					"DEBUG=1",
					"$(inherited)",
				);
				GCC_WARN_64_TO_32_BIT_CONVERSION = YES;
				GCC_WARN_ABOUT_RETURN_TYPE = YES_ERROR;
				GCC_WARN_UNDECLARED_SELECTOR = YES;
				GCC_WARN_UNINITIALIZED_AUTOS = YES_AGGRESSIVE;
				GCC_WARN_UNUSED_FUNCTION = YES;
				GCC_WARN_UNUSED_VARIABLE = YES;
				LOCALIZATION_PREFERS_STRING_CATALOGS = YES;
				MACOSX_DEPLOYMENT_TARGET = 14.0;
				MTL_ENABLE_DEBUG_INFO = INCLUDE_SOURCE;
				MTL_FAST_MATH = YES;
				ONLY_ACTIVE_ARCH = YES;
				SDKROOT = macosx;
			};
			name = Debug;
		};
		612C424C2B0A48DC002703F8 /* Release */ = {
			isa = XCBuildConfiguration;
			buildSettings = {
				ALWAYS_SEARCH_USER_PATHS = NO;
				ASSETCATALOG_COMPILER_GENERATE_SWIFT_ASSET_SYMBOL_EXTENSIONS = YES;
				CLANG_ANALYZER_NONNULL = YES;
				CLANG_ANALYZER_NUMBER_OBJECT_CONVERSION = YES_AGGRESSIVE;
				CLANG_CXX_LANGUAGE_STANDARD = "gnu++20";
				CLANG_ENABLE_MODULES = YES;
				CLANG_ENABLE_OBJC_ARC = YES;
				CLANG_ENABLE_OBJC_WEAK = YES;
				CLANG_WARN_BLOCK_CAPTURE_AUTORELEASING = YES;
				CLANG_WARN_BOOL_CONVERSION = YES;
				CLANG_WARN_COMMA = YES;
				CLANG_WARN_CONSTANT_CONVERSION = YES;
				CLANG_WARN_DEPRECATED_OBJC_IMPLEMENTATIONS = YES;
				CLANG_WARN_DIRECT_OBJC_ISA_USAGE = YES_ERROR;
				CLANG_WARN_DOCUMENTATION_COMMENTS = YES;
				CLANG_WARN_EMPTY_BODY = YES;
				CLANG_WARN_ENUM_CONVERSION = YES;
				CLANG_WARN_INFINITE_RECURSION = YES;
				CLANG_WARN_INT_CONVERSION = YES;
				CLANG_WARN_NON_LITERAL_NULL_CONVERSION = YES;
				CLANG_WARN_OBJC_IMPLICIT_RETAIN_SELF = YES;
				CLANG_WARN_OBJC_LITERAL_CONVERSION = YES;
				CLANG_WARN_OBJC_ROOT_CLASS = YES_ERROR;
				CLANG_WARN_QUOTED_INCLUDE_IN_FRAMEWORK_HEADER = YES;
				CLANG_WARN_RANGE_LOOP_ANALYSIS = YES;
				CLANG_WARN_STRICT_PROTOTYPES = YES;
				CLANG_WARN_SUSPICIOUS_MOVE = YES;
				CLANG_WARN_UNGUARDED_AVAILABILITY = YES_AGGRESSIVE;
				CLANG_WARN_UNREACHABLE_CODE = YES;
				CLANG_WARN__DUPLICATE_METHOD_MATCH = YES;
				COPY_PHASE_STRIP = NO;
				DEBUG_INFORMATION_FORMAT = "dwarf-with-dsym";
				ENABLE_NS_ASSERTIONS = NO;
				ENABLE_STRICT_OBJC_MSGSEND = YES;
				ENABLE_USER_SCRIPT_SANDBOXING = YES;
				GCC_C_LANGUAGE_STANDARD = gnu17;
				GCC_NO_COMMON_BLOCKS = YES;
				GCC_WARN_64_TO_32_BIT_CONVERSION = YES;
				GCC_WARN_ABOUT_RETURN_TYPE = YES_ERROR;
				GCC_WARN_UNDECLARED_SELECTOR = YES;
				GCC_WARN_UNINITIALIZED_AUTOS = YES_AGGRESSIVE;
				GCC_WARN_UNUSED_FUNCTION = YES;
				GCC_WARN_UNUSED_VARIABLE = YES;
				LOCALIZATION_PREFERS_STRING_CATALOGS = YES;
				MACOSX_DEPLOYMENT_TARGET = 14.0;
				MTL_ENABLE_DEBUG_INFO = NO;
				MTL_FAST_MATH = YES;
				SDKROOT = macosx;
			};
			name = Release;
		};
		612C424E2B0A48DC002703F8 /* Debug */ = {
			isa = XCBuildConfiguration;
			buildSettings = {
				CLANG_ENABLE_MODULES = YES;
				CODE_SIGN_STYLE = Automatic;
				DEVELOPMENT_TEAM = 623VZ9J66K;
				ENABLE_HARDENED_RUNTIME = YES;
				HEADER_SEARCH_PATHS = (
					"metal-cpp",
					"metal-cpp-extensions",
				);
				ONLY_ACTIVE_ARCH = YES;
				PRODUCT_NAME = "$(TARGET_NAME)";
				SWIFT_OBJC_BRIDGING_HEADER = "NAGEN Engine/NAGEN Engine-Bridging-Header.h";
				SWIFT_OPTIMIZATION_LEVEL = "-Onone";
				SWIFT_VERSION = 5.0;
			};
			name = Debug;
		};
		612C424F2B0A48DC002703F8 /* Release */ = {
			isa = XCBuildConfiguration;
			buildSettings = {
				CLANG_ENABLE_MODULES = YES;
				CODE_SIGN_STYLE = Automatic;
				DEVELOPMENT_TEAM = 623VZ9J66K;
				ENABLE_HARDENED_RUNTIME = YES;
				HEADER_SEARCH_PATHS = (
					"metal-cpp",
					"metal-cpp-extensions",
				);
				ONLY_ACTIVE_ARCH = NO;
				PRODUCT_NAME = "$(TARGET_NAME)";
				SWIFT_OBJC_BRIDGING_HEADER = "NAGEN Engine/NAGEN Engine-Bridging-Header.h";
				SWIFT_VERSION = 5.0;
			};
			name = Release;
		};
/* End XCBuildConfiguration section */

/* Begin XCConfigurationList section */
		612C42412B0A48DC002703F8 /* Build configuration list for PBXProject "NAGEN Engine" */ = {
			isa = XCConfigurationList;
			buildConfigurations = (
				612C424B2B0A48DC002703F8 /* Debug */,
				612C424C2B0A48DC002703F8 /* Release */,
			);
			defaultConfigurationIsVisible = 0;
			defaultConfigurationName = Release;
		};
		612C424D2B0A48DC002703F8 /* Build configuration list for PBXNativeTarget "NAGEN Engine" */ = {
			isa = XCConfigurationList;
			buildConfigurations = (
				612C424E2B0A48DC002703F8 /* Debug */,
				612C424F2B0A48DC002703F8 /* Release */,
			);
			defaultConfigurationIsVisible = 0;
			defaultConfigurationName = Release;
		};
/* End XCConfigurationList section */
	};
	rootObject = 612C423E2B0A48DC002703F8 /* Project object */;
}
